
Microsoft Visual Studio Solution File, Format Version 12.00
Project("{FAE04EC0-301F-11D3-BF4B-00C04F79EFBC}") = "AwesomeSockets", "AwesomeSockets\AwesomeSockets.csproj", "{B0CC04F2-1125-47F0-8119-273A5BE618B3}"
EndProject
Project("{FAE04EC0-301F-11D3-BF4B-00C04F79EFBC}") = "AwesomeSockets.UnitTests", "AwesomeSockets.UnitTests\AwesomeSockets.UnitTests.csproj", "{0363A737-D9DF-4EFC-A702-9B1CD9B7F3F5}"
EndProject
Project("{FAE04EC0-301F-11D3-BF4B-00C04F79EFBC}") = "AwesomeSockets.AcceptanceTests", "AwesomeSockets.AcceptanceTests\AwesomeSockets.AcceptanceTests.csproj", "{E889B617-788F-4E11-B5E6-43124C0AD827}"
EndProject
Global
	GlobalSection(SolutionConfigurationPlatforms) = preSolution
		Debug|Any CPU = Debug|Any CPU
		Release|Any CPU = Release|Any CPU
	EndGlobalSection
	GlobalSection(ProjectConfigurationPlatforms) = postSolution
		{B0CC04F2-1125-47F0-8119-273A5BE618B3}.Debug|Any CPU.ActiveCfg = Debug|Any CPU
		{B0CC04F2-1125-47F0-8119-273A5BE618B3}.Debug|Any CPU.Build.0 = Debug|Any CPU
		{B0CC04F2-1125-47F0-8119-273A5BE618B3}.Release|Any CPU.ActiveCfg = Release|Any CPU
		{B0CC04F2-1125-47F0-8119-273A5BE618B3}.Release|Any CPU.Build.0 = Release|Any CPU
		{0363A737-D9DF-4EFC-A702-9B1CD9B7F3F5}.Debug|Any CPU.ActiveCfg = Debug|Any CPU
		{0363A737-D9DF-4EFC-A702-9B1CD9B7F3F5}.Debug|Any CPU.Build.0 = Debug|Any CPU
		{0363A737-D9DF-4EFC-A702-9B1CD9B7F3F5}.Release|Any CPU.ActiveCfg = Release|Any CPU
		{0363A737-D9DF-4EFC-A702-9B1CD9B7F3F5}.Release|Any CPU.Build.0 = Release|Any CPU
		{E889B617-788F-4E11-B5E6-43124C0AD827}.Debug|Any CPU.ActiveCfg = Debug|Any CPU
		{E889B617-788F-4E11-B5E6-43124C0AD827}.Debug|Any CPU.Build.0 = Debug|Any CPU
		{E889B617-788F-4E11-B5E6-43124C0AD827}.Release|Any CPU.ActiveCfg = Release|Any CPU
		{E889B617-788F-4E11-B5E6-43124C0AD827}.Release|Any CPU.Build.0 = Release|Any CPU
	EndGlobalSection
EndGlobal
