
Microsoft Visual Studio Solution File, Format Version 11.00
# Visual Studio 2010
Project("{FAE04EC0-301F-11D3-BF4B-00C04F79EFBC}") = "AwesomeSocket", "AwesomeSocket\AwesomeSocket.csproj", "{32C0DE21-275E-43D0-9D4F-B97B3620E282}"
EndProject
Project("{FAE04EC0-301F-11D3-BF4B-00C04F79EFBC}") = "AwesomeSocket.Tests", "AwesomeSocket.Tests\AwesomeSocket.Tests.csproj", "{8AEE00AC-6336-4F87-9A41-3CFC0CA3907E}"
EndProject
Global
	GlobalSection(SolutionConfigurationPlatforms) = preSolution
		Debug|Any CPU = Debug|Any CPU
		Release|Any CPU = Release|Any CPU
	EndGlobalSection
	GlobalSection(ProjectConfigurationPlatforms) = postSolution
		{32C0DE21-275E-43D0-9D4F-B97B3620E282}.Debug|Any CPU.ActiveCfg = Debug|Any CPU
		{32C0DE21-275E-43D0-9D4F-B97B3620E282}.Debug|Any CPU.Build.0 = Debug|Any CPU
		{32C0DE21-275E-43D0-9D4F-B97B3620E282}.Release|Any CPU.ActiveCfg = Release|Any CPU
		{32C0DE21-275E-43D0-9D4F-B97B3620E282}.Release|Any CPU.Build.0 = Release|Any CPU
		{8AEE00AC-6336-4F87-9A41-3CFC0CA3907E}.Debug|Any CPU.ActiveCfg = Debug|Any CPU
		{8AEE00AC-6336-4F87-9A41-3CFC0CA3907E}.Debug|Any CPU.Build.0 = Debug|Any CPU
		{8AEE00AC-6336-4F87-9A41-3CFC0CA3907E}.Release|Any CPU.ActiveCfg = Release|Any CPU
	EndGlobalSection
	GlobalSection(SolutionProperties) = preSolution
		HideSolutionNode = FALSE
	EndGlobalSection
EndGlobal
